
Microsoft Visual Studio Solution File, Format Version 11.00
# Visual Studio 2010
Project("{8BC9CEB8-8B4A-11D0-8D11-00A0C91BC942}") = "grlog", "grlog.vcxproj", "{D111A62B-318E-3EFB-7228-13A5B1606910}"
EndProject
Global
	GlobalSection(SolutionConfigurationPlatforms) = preSolution
		Debug|Win32 = Debug|Win32
		Release|Win32 = Release|Win32
	EndGlobalSection
	GlobalSection(ProjectConfigurationPlatforms) = postSolution
		{D111A62B-318E-3EFB-7228-13A5B1606910}.Debug|Win32.ActiveCfg = Debug|Win32
		{D111A62B-318E-3EFB-7228-13A5B1606910}.Debug|Win32.Build.0 = Debug|Win32
		{D111A62B-318E-3EFB-7228-13A5B1606910}.Release|Win32.ActiveCfg = Release|Win32
		{D111A62B-318E-3EFB-7228-13A5B1606910}.Release|Win32.Build.0 = Release|Win32
	EndGlobalSection
	GlobalSection(SolutionProperties) = preSolution
		HideSolutionNode = FALSE
	EndGlobalSection
EndGlobal
