<?xml version="1.0" encoding="utf-8"?>
<Project ToolsVersion="4.0" xmlns="http://schemas.microsoft.com/developer/msbuild/2003">
  <ItemGroup>
    <Filter Include="Quellcodedateien">
      <UniqueIdentifier>{6b9fa85f-7d27-4bff-9d91-8ee899347702}</UniqueIdentifier>
      <Extensions>cpp;c;cxx;rc;def;r;odl;idl;hpj;bat</Extensions>
    </Filter>
    <Filter Include="Header-Dateien">
      <UniqueIdentifier>{7ff7fb37-473d-4569-b0bc-95bd25dae324}</UniqueIdentifier>
      <Extensions>h;hpp;hxx;hm;inl</Extensions>
    </Filter>
    <Filter Include="Ressourcendateien">
      <UniqueIdentifier>{3f5825f0-a6f8-4b13-983f-f715b17fe18d}</UniqueIdentifier>
      <Extensions>ico;cur;bmp;dlg;rc2;rct;bin;rgs;gif;jpg;jpeg;jpe</Extensions>
    </Filter>
  </ItemGroup>
  <ItemGroup>
    <ClCompile Include="chipdatabase.cpp">
      <Filter>Quellcodedateien</Filter>
    </ClCompile>
    <ClCompile Include="chipview.cpp">
      <Filter>Quellcodedateien</Filter>
    </ClCompile>
    <ClCompile Include="cmdline.cpp">
      <Filter>Quellcodedateien</Filter>
    </ClCompile>
    <ClCompile Include="error.cpp">
      <Filter>Quellcodedateien</Filter>
    </ClCompile>
    <ClCompile Include="grlog.cpp">
      <Filter>Quellcodedateien</Filter>
    </ClCompile>
    <ClCompile Include="grlogdict.cpp">
      <Filter>Quellcodedateien</Filter>
    </ClCompile>
    <ClCompile Include="pixelmap.cpp">
      <Filter>Quellcodedateien</Filter>
    </ClCompile>
    <ClCompile Include="ps.cpp">
      <Filter>Quellcodedateien</Filter>
    </ClCompile>
    <ClCompile Include="rootgui.cpp">
      <Filter>Quellcodedateien</Filter>
    </ClCompile>
    <ClCompile Include="scanner.cpp">
      <Filter>Quellcodedateien</Filter>
    </ClCompile>
    <ClCompile Include="wafermap.cpp">
      <Filter>Quellcodedateien</Filter>
    </ClCompile>
    <ClCompile Include="wmapinfo.cpp">
      <Filter>Quellcodedateien</Filter>
    </ClCompile>
    <ClCompile Include="colorscale.cpp">
      <Filter>Quellcodedateien</Filter>
    </ClCompile>
    <ClCompile Include="waferdatabase.cpp">
      <Filter>Quellcodedateien</Filter>
    </ClCompile>
    <ClCompile Include="logfile.cpp">
      <Filter>Quellcodedateien</Filter>
    </ClCompile>
    <ClCompile Include="dtime.cpp">
      <Filter>Quellcodedateien</Filter>
    </ClCompile>
  </ItemGroup>
  <ItemGroup>
    <ClInclude Include="chipdatabase.h">
      <Filter>Header-Dateien</Filter>
    </ClInclude>
    <ClInclude Include="chipview.h">
      <Filter>Header-Dateien</Filter>
    </ClInclude>
    <ClInclude Include="cmdline.h">
      <Filter>Header-Dateien</Filter>
    </ClInclude>
    <ClInclude Include="error.h">
      <Filter>Header-Dateien</Filter>
    </ClInclude>
    <ClInclude Include="grlogdict.h">
      <Filter>Header-Dateien</Filter>
    </ClInclude>
    <ClInclude Include="pixelmap.h">
      <Filter>Header-Dateien</Filter>
    </ClInclude>
    <ClInclude Include="ps.h">
      <Filter>Header-Dateien</Filter>
    </ClInclude>
    <ClInclude Include="rootgui.h">
      <Filter>Header-Dateien</Filter>
    </ClInclude>
    <ClInclude Include="scanner.h">
      <Filter>Header-Dateien</Filter>
    </ClInclude>
    <ClInclude Include="wafermap.h">
      <Filter>Header-Dateien</Filter>
    </ClInclude>
    <ClInclude Include="wmapinfo.h">
      <Filter>Header-Dateien</Filter>
    </ClInclude>
    <ClInclude Include="colorscale.h">
      <Filter>Header-Dateien</Filter>
    </ClInclude>
    <ClInclude Include="waferdatabase.h">
      <Filter>Header-Dateien</Filter>
    </ClInclude>
    <ClInclude Include="stdafx.h">
      <Filter>Header-Dateien</Filter>
    </ClInclude>
    <ClInclude Include="logfile.h">
      <Filter>Header-Dateien</Filter>
    </ClInclude>
    <ClInclude Include="dtime.h">
      <Filter>Header-Dateien</Filter>
    </ClInclude>
  </ItemGroup>
  <ItemGroup>
    <CustomBuild Include="LinkDef.h">
      <Filter>Header-Dateien</Filter>
    </CustomBuild>
    <CustomBuild Include="prolog.tmpl" />
    <CustomBuild Include="ReadMe.txt" />
  </ItemGroup>
</Project>